{
  "name": "@sohaibkundi/fun-jokes",
  "version": "1.0.0",
  "lockfileVersion": 3,
  "requires": true,
  "packages": {
    "": {
      "name": "@sohaibkundi/fun-jokes",
      "version": "1.0.0",
      "license": "MIT",
      "dependencies": {
        "@sohaibkundi/fun-jokes": "^1.0.0"
      }
    },
    "node_modules/@sohaibkundi/fun-jokes": {
      "version": "1.0.0",
      "resolved": "https://registry.npmjs.org/@sohaibkundi/fun-jokes/-/fun-jokes-1.0.0.tgz",
      "integrity": "sha512-JgMbkWdzORY+hJH6GbjOPb8l8n8/GPvhrm756xHIOjtIsEE5wQOtVEvRB4AAj0zohWxQqCo1i7qMrRl6njf5gA==",
      "license": "MIT"
    }
  }
}
